
Microsoft Visual Studio Solution File, Format Version 12.00
# Visual Studio Version 17
VisualStudioVersion = 17.11.35312.102
MinimumVisualStudioVersion = 10.0.40219.1
Project("{2150E333-8FDC-42A3-9474-1A3956D46DE8}") = "src", "src", "{523C60B2-4609-4B36-99A9-2E80D1D0DA09}"
EndProject
Project("{2150E333-8FDC-42A3-9474-1A3956D46DE8}") = "tests", "tests", "{FFAEC849-AB02-43C0-8E90-783573D7A171}"
EndProject
Project("{2150E333-8FDC-42A3-9474-1A3956D46DE8}") = "docs", "docs", "{A495BA63-C8AC-462A-9B98-4CB1915C265A}"
EndProject
Project("{FAE04EC0-301F-11D3-BF4B-00C04F79EFBC}") = "CartaoVacina.Domain", "CartaoVacina.Domain\CartaoVacina.Domain.csproj", "{9226E20F-892A-4780-A6CB-534DCF3A6DDF}"
EndProject
Project("{FAE04EC0-301F-11D3-BF4B-00C04F79EFBC}") = "CartaoVacina.Application", "CartaoVacina.Application\CartaoVacina.Application.csproj", "{2149E7CD-DCC3-444F-9E82-05D6D8203FAE}"
EndProject
Project("{FAE04EC0-301F-11D3-BF4B-00C04F79EFBC}") = "CartaoVacina.Infrastructure", "CartaoVacina.Infrastructure\CartaoVacina.Infrastructure.csproj", "{BDCED7C2-94D8-4632-99BF-C299483EAA2A}"
EndProject
Project("{FAE04EC0-301F-11D3-BF4B-00C04F79EFBC}") = "CartaoVacina.API", "CartaoVacina.API\CartaoVacina.API.csproj", "{D35E587D-8331-4D8E-82C6-861EAE017538}"
EndProject
Project("{FAE04EC0-301F-11D3-BF4B-00C04F79EFBC}") = "CartaoVacina.UnitTests", "CartaoVacina.UnitTests\CartaoVacina.UnitTests.csproj", "{65AF92B1-3A59-46D3-B95E-544FBD08838A}"
EndProject
Project("{FAE04EC0-301F-11D3-BF4B-00C04F79EFBC}") = "CartaoVacina.IntegrationTests", "CartaoVacina.IntegrationTests\CartaoVacina.IntegrationTests.csproj", "{F7DFF0B8-B2B2-4C6B-A809-F73C5E85F476}"
EndProject
Project("{FAE04EC0-301F-11D3-BF4B-00C04F79EFBC}") = "CartaoVacina.TestHelpers", "CartaoVacina.TestHelpers\CartaoVacina.TestHelpers.csproj", "{9C0C4D69-0956-4366-95F0-53ACFDF3C97A}"
EndProject
Global
	GlobalSection(SolutionConfigurationPlatforms) = preSolution
		Debug|Any CPU = Debug|Any CPU
		Release|Any CPU = Release|Any CPU
	EndGlobalSection
	GlobalSection(ProjectConfigurationPlatforms) = postSolution
		{9226E20F-892A-4780-A6CB-534DCF3A6DDF}.Debug|Any CPU.ActiveCfg = Debug|Any CPU
		{9226E20F-892A-4780-A6CB-534DCF3A6DDF}.Debug|Any CPU.Build.0 = Debug|Any CPU
		{9226E20F-892A-4780-A6CB-534DCF3A6DDF}.Release|Any CPU.ActiveCfg = Release|Any CPU
		{9226E20F-892A-4780-A6CB-534DCF3A6DDF}.Release|Any CPU.Build.0 = Release|Any CPU
		{2149E7CD-DCC3-444F-9E82-05D6D8203FAE}.Debug|Any CPU.ActiveCfg = Debug|Any CPU
		{2149E7CD-DCC3-444F-9E82-05D6D8203FAE}.Debug|Any CPU.Build.0 = Debug|Any CPU
		{2149E7CD-DCC3-444F-9E82-05D6D8203FAE}.Release|Any CPU.ActiveCfg = Release|Any CPU
		{2149E7CD-DCC3-444F-9E82-05D6D8203FAE}.Release|Any CPU.Build.0 = Release|Any CPU
		{BDCED7C2-94D8-4632-99BF-C299483EAA2A}.Debug|Any CPU.ActiveCfg = Debug|Any CPU
		{BDCED7C2-94D8-4632-99BF-C299483EAA2A}.Debug|Any CPU.Build.0 = Debug|Any CPU
		{BDCED7C2-94D8-4632-99BF-C299483EAA2A}.Release|Any CPU.ActiveCfg = Release|Any CPU
		{BDCED7C2-94D8-4632-99BF-C299483EAA2A}.Release|Any CPU.Build.0 = Release|Any CPU
		{D35E587D-8331-4D8E-82C6-861EAE017538}.Debug|Any CPU.ActiveCfg = Debug|Any CPU
		{D35E587D-8331-4D8E-82C6-861EAE017538}.Debug|Any CPU.Build.0 = Debug|Any CPU
		{D35E587D-8331-4D8E-82C6-861EAE017538}.Release|Any CPU.ActiveCfg = Release|Any CPU
		{D35E587D-8331-4D8E-82C6-861EAE017538}.Release|Any CPU.Build.0 = Release|Any CPU
		{65AF92B1-3A59-46D3-B95E-544FBD08838A}.Debug|Any CPU.ActiveCfg = Debug|Any CPU
		{65AF92B1-3A59-46D3-B95E-544FBD08838A}.Debug|Any CPU.Build.0 = Debug|Any CPU
		{65AF92B1-3A59-46D3-B95E-544FBD08838A}.Release|Any CPU.ActiveCfg = Release|Any CPU
		{65AF92B1-3A59-46D3-B95E-544FBD08838A}.Release|Any CPU.Build.0 = Release|Any CPU
		{F7DFF0B8-B2B2-4C6B-A809-F73C5E85F476}.Debug|Any CPU.ActiveCfg = Debug|Any CPU
		{F7DFF0B8-B2B2-4C6B-A809-F73C5E85F476}.Debug|Any CPU.Build.0 = Debug|Any CPU
		{F7DFF0B8-B2B2-4C6B-A809-F73C5E85F476}.Release|Any CPU.ActiveCfg = Release|Any CPU
		{F7DFF0B8-B2B2-4C6B-A809-F73C5E85F476}.Release|Any CPU.Build.0 = Release|Any CPU
		{9C0C4D69-0956-4366-95F0-53ACFDF3C97A}.Debug|Any CPU.ActiveCfg = Debug|Any CPU
		{9C0C4D69-0956-4366-95F0-53ACFDF3C97A}.Debug|Any CPU.Build.0 = Debug|Any CPU
		{9C0C4D69-0956-4366-95F0-53ACFDF3C97A}.Release|Any CPU.ActiveCfg = Release|Any CPU
		{9C0C4D69-0956-4366-95F0-53ACFDF3C97A}.Release|Any CPU.Build.0 = Release|Any CPU
	EndGlobalSection
	GlobalSection(SolutionProperties) = preSolution
		HideSolutionNode = FALSE
	EndGlobalSection
	GlobalSection(NestedProjects) = preSolution
		{9226E20F-892A-4780-A6CB-534DCF3A6DDF} = {523C60B2-4609-4B36-99A9-2E80D1D0DA09}
		{2149E7CD-DCC3-444F-9E82-05D6D8203FAE} = {523C60B2-4609-4B36-99A9-2E80D1D0DA09}
		{BDCED7C2-94D8-4632-99BF-C299483EAA2A} = {523C60B2-4609-4B36-99A9-2E80D1D0DA09}
		{D35E587D-8331-4D8E-82C6-861EAE017538} = {523C60B2-4609-4B36-99A9-2E80D1D0DA09}
		{65AF92B1-3A59-46D3-B95E-544FBD08838A} = {FFAEC849-AB02-43C0-8E90-783573D7A171}
		{F7DFF0B8-B2B2-4C6B-A809-F73C5E85F476} = {FFAEC849-AB02-43C0-8E90-783573D7A171}
		{9C0C4D69-0956-4366-95F0-53ACFDF3C97A} = {FFAEC849-AB02-43C0-8E90-783573D7A171}
	EndGlobalSection
	GlobalSection(ExtensibilityGlobals) = postSolution
		SolutionGuid = {52F656C2-69EA-4330-8AF4-D47E5FC647F2}
	EndGlobalSection
EndGlobal
