
Microsoft Visual Studio Solution File, Format Version 12.00
# Visual Studio Version 17
VisualStudioVersion = 17.11.35312.102
MinimumVisualStudioVersion = 10.0.40219.1
Project("{2150E333-8FDC-42A3-9474-1A3956D46DE8}") = "src", "src", "{523C60B2-4609-4B36-99A9-2E80D1D0DA09}"
EndProject
Project("{2150E333-8FDC-42A3-9474-1A3956D46DE8}") = "tests", "tests", "{FFAEC849-AB02-43C0-8E90-783573D7A171}"
EndProject
Project("{2150E333-8FDC-42A3-9474-1A3956D46DE8}") = "docs", "docs", "{A495BA63-C8AC-462A-9B98-4CB1915C265A}"
EndProject
Project("{9A19103F-16F7-4668-BE54-9A1E7A4F7556}") = "CartaoVacina.API", "src\CartaoVacina.API\CartaoVacina.API.csproj", "{73C90936-1F2A-49B5-95E3-4DB67889E553}"
EndProject
Project("{9A19103F-16F7-4668-BE54-9A1E7A4F7556}") = "CartaoVacina.Application", "src\CartaoVacina.Application\CartaoVacina.Application.csproj", "{7D0FD603-FCD1-4077-A3EF-55618AA3616E}"
EndProject
Project("{9A19103F-16F7-4668-BE54-9A1E7A4F7556}") = "CartaoVacina.Domain", "src\CartaoVacina.Domain\CartaoVacina.Domain.csproj", "{F6566C47-053F-4A00-96F5-A93E58362378}"
EndProject
Project("{9A19103F-16F7-4668-BE54-9A1E7A4F7556}") = "CartaoVacina.Infrastructure", "src\CartaoVacina.Infrastructure\CartaoVacina.Infrastructure.csproj", "{1A9C9D10-377E-43C9-AAF3-B516E81D1854}"
EndProject
Project("{9A19103F-16F7-4668-BE54-9A1E7A4F7556}") = "CartaoVacina.UnitTests", "tests\CartaoVacina.UnitTests\CartaoVacina.UnitTests.csproj", "{F13C60EA-3BC4-46C9-A0BC-23815084D104}"
EndProject
Project("{9A19103F-16F7-4668-BE54-9A1E7A4F7556}") = "CartaoVacina.TestHelpers", "tests\CartaoVacina.TestHelpers\CartaoVacina.TestHelpers.csproj", "{E2F4C357-A19B-433A-B413-BB4611A9FBF0}"
EndProject
Project("{9A19103F-16F7-4668-BE54-9A1E7A4F7556}") = "CartaoVacina.IntegrationTests", "tests\CartaoVacina.IntegrationTests\CartaoVacina.IntegrationTests.csproj", "{36FF980D-B6D4-43E4-A7C5-04BAA960FB44}"
EndProject
Global
	GlobalSection(SolutionConfigurationPlatforms) = preSolution
		Debug|Any CPU = Debug|Any CPU
		Release|Any CPU = Release|Any CPU
	EndGlobalSection
	GlobalSection(ProjectConfigurationPlatforms) = postSolution
		{73C90936-1F2A-49B5-95E3-4DB67889E553}.Debug|Any CPU.ActiveCfg = Debug|Any CPU
		{73C90936-1F2A-49B5-95E3-4DB67889E553}.Debug|Any CPU.Build.0 = Debug|Any CPU
		{73C90936-1F2A-49B5-95E3-4DB67889E553}.Release|Any CPU.ActiveCfg = Release|Any CPU
		{73C90936-1F2A-49B5-95E3-4DB67889E553}.Release|Any CPU.Build.0 = Release|Any CPU
		{7D0FD603-FCD1-4077-A3EF-55618AA3616E}.Debug|Any CPU.ActiveCfg = Debug|Any CPU
		{7D0FD603-FCD1-4077-A3EF-55618AA3616E}.Debug|Any CPU.Build.0 = Debug|Any CPU
		{7D0FD603-FCD1-4077-A3EF-55618AA3616E}.Release|Any CPU.ActiveCfg = Release|Any CPU
		{7D0FD603-FCD1-4077-A3EF-55618AA3616E}.Release|Any CPU.Build.0 = Release|Any CPU
		{F6566C47-053F-4A00-96F5-A93E58362378}.Debug|Any CPU.ActiveCfg = Debug|Any CPU
		{F6566C47-053F-4A00-96F5-A93E58362378}.Debug|Any CPU.Build.0 = Debug|Any CPU
		{F6566C47-053F-4A00-96F5-A93E58362378}.Release|Any CPU.ActiveCfg = Release|Any CPU
		{F6566C47-053F-4A00-96F5-A93E58362378}.Release|Any CPU.Build.0 = Release|Any CPU
		{1A9C9D10-377E-43C9-AAF3-B516E81D1854}.Debug|Any CPU.ActiveCfg = Debug|Any CPU
		{1A9C9D10-377E-43C9-AAF3-B516E81D1854}.Debug|Any CPU.Build.0 = Debug|Any CPU
		{1A9C9D10-377E-43C9-AAF3-B516E81D1854}.Release|Any CPU.ActiveCfg = Release|Any CPU
		{1A9C9D10-377E-43C9-AAF3-B516E81D1854}.Release|Any CPU.Build.0 = Release|Any CPU
		{F13C60EA-3BC4-46C9-A0BC-23815084D104}.Debug|Any CPU.ActiveCfg = Debug|Any CPU
		{F13C60EA-3BC4-46C9-A0BC-23815084D104}.Debug|Any CPU.Build.0 = Debug|Any CPU
		{F13C60EA-3BC4-46C9-A0BC-23815084D104}.Release|Any CPU.ActiveCfg = Release|Any CPU
		{F13C60EA-3BC4-46C9-A0BC-23815084D104}.Release|Any CPU.Build.0 = Release|Any CPU
		{E2F4C357-A19B-433A-B413-BB4611A9FBF0}.Debug|Any CPU.ActiveCfg = Debug|Any CPU
		{E2F4C357-A19B-433A-B413-BB4611A9FBF0}.Debug|Any CPU.Build.0 = Debug|Any CPU
		{E2F4C357-A19B-433A-B413-BB4611A9FBF0}.Release|Any CPU.ActiveCfg = Release|Any CPU
		{E2F4C357-A19B-433A-B413-BB4611A9FBF0}.Release|Any CPU.Build.0 = Release|Any CPU
		{36FF980D-B6D4-43E4-A7C5-04BAA960FB44}.Debug|Any CPU.ActiveCfg = Debug|Any CPU
		{36FF980D-B6D4-43E4-A7C5-04BAA960FB44}.Debug|Any CPU.Build.0 = Debug|Any CPU
		{36FF980D-B6D4-43E4-A7C5-04BAA960FB44}.Release|Any CPU.ActiveCfg = Release|Any CPU
		{36FF980D-B6D4-43E4-A7C5-04BAA960FB44}.Release|Any CPU.Build.0 = Release|Any CPU
	EndGlobalSection
	GlobalSection(SolutionProperties) = preSolution
		HideSolutionNode = FALSE
	EndGlobalSection
	GlobalSection(NestedProjects) = preSolution
		{73C90936-1F2A-49B5-95E3-4DB67889E553} = {523C60B2-4609-4B36-99A9-2E80D1D0DA09}
		{7D0FD603-FCD1-4077-A3EF-55618AA3616E} = {523C60B2-4609-4B36-99A9-2E80D1D0DA09}
		{F6566C47-053F-4A00-96F5-A93E58362378} = {523C60B2-4609-4B36-99A9-2E80D1D0DA09}
		{1A9C9D10-377E-43C9-AAF3-B516E81D1854} = {523C60B2-4609-4B36-99A9-2E80D1D0DA09}
		{F13C60EA-3BC4-46C9-A0BC-23815084D104} = {FFAEC849-AB02-43C0-8E90-783573D7A171}
		{E2F4C357-A19B-433A-B413-BB4611A9FBF0} = {FFAEC849-AB02-43C0-8E90-783573D7A171}
		{36FF980D-B6D4-43E4-A7C5-04BAA960FB44} = {FFAEC849-AB02-43C0-8E90-783573D7A171}
	EndGlobalSection
	GlobalSection(ExtensibilityGlobals) = postSolution
		SolutionGuid = {52F656C2-69EA-4330-8AF4-D47E5FC647F2}
	EndGlobalSection
EndGlobal
